
Microsoft Visual Studio Solution File, Format Version 12.00
# Visual Studio Version 16
VisualStudioVersion = 16.0.30611.23
MinimumVisualStudioVersion = 10.0.40219.1
Project("{8BC9CEB8-8B4A-11D0-8D11-00A0C91BC942}") = "LR3", "LR3\LR3.vcxproj", "{9B2E3438-505A-4B69-833D-BC6D19F1516E}"
EndProject
Project("{8BC9CEB8-8B4A-11D0-8D11-00A0C91BC942}") = "testLR3", "testLR3\testLR3.vcxproj", "{C07CE38C-A5D4-4F30-A401-1DBF7D2D99FE}"
EndProject
Global
	GlobalSection(SolutionConfigurationPlatforms) = preSolution
		Debug|x64 = Debug|x64
		Debug|x86 = Debug|x86
		Release|x64 = Release|x64
		Release|x86 = Release|x86
	EndGlobalSection
	GlobalSection(ProjectConfigurationPlatforms) = postSolution
		{9B2E3438-505A-4B69-833D-BC6D19F1516E}.Debug|x64.ActiveCfg = Debug|x64
		{9B2E3438-505A-4B69-833D-BC6D19F1516E}.Debug|x64.Build.0 = Debug|x64
		{9B2E3438-505A-4B69-833D-BC6D19F1516E}.Debug|x86.ActiveCfg = Debug|Win32
		{9B2E3438-505A-4B69-833D-BC6D19F1516E}.Debug|x86.Build.0 = Debug|Win32
		{9B2E3438-505A-4B69-833D-BC6D19F1516E}.Release|x64.ActiveCfg = Release|x64
		{9B2E3438-505A-4B69-833D-BC6D19F1516E}.Release|x64.Build.0 = Release|x64
		{9B2E3438-505A-4B69-833D-BC6D19F1516E}.Release|x86.ActiveCfg = Release|Win32
		{9B2E3438-505A-4B69-833D-BC6D19F1516E}.Release|x86.Build.0 = Release|Win32
		{C07CE38C-A5D4-4F30-A401-1DBF7D2D99FE}.Debug|x64.ActiveCfg = Debug|x64
		{C07CE38C-A5D4-4F30-A401-1DBF7D2D99FE}.Debug|x64.Build.0 = Debug|x64
		{C07CE38C-A5D4-4F30-A401-1DBF7D2D99FE}.Debug|x86.ActiveCfg = Debug|Win32
		{C07CE38C-A5D4-4F30-A401-1DBF7D2D99FE}.Debug|x86.Build.0 = Debug|Win32
		{C07CE38C-A5D4-4F30-A401-1DBF7D2D99FE}.Release|x64.ActiveCfg = Release|x64
		{C07CE38C-A5D4-4F30-A401-1DBF7D2D99FE}.Release|x64.Build.0 = Release|x64
		{C07CE38C-A5D4-4F30-A401-1DBF7D2D99FE}.Release|x86.ActiveCfg = Release|Win32
		{C07CE38C-A5D4-4F30-A401-1DBF7D2D99FE}.Release|x86.Build.0 = Release|Win32
	EndGlobalSection
	GlobalSection(SolutionProperties) = preSolution
		HideSolutionNode = FALSE
	EndGlobalSection
	GlobalSection(ExtensibilityGlobals) = postSolution
		SolutionGuid = {FB6C5968-9DF4-4EBD-B7E7-503E01F0E715}
	EndGlobalSection
EndGlobal
